
Microsoft Visual Studio Solution File, Format Version 12.00
# Visual Studio 15
VisualStudioVersion = 15.0.26403.3
MinimumVisualStudioVersion = 10.0.40219.1
Project("{D954291E-2A0B-460D-934E-DC6B0785DB48}") = "vataFitness", "vataFitness\vataFitness\vataFitness.shproj", "{C08546F1-0A99-4162-B042-57FF0E601153}"
EndProject
Project("{FAE04EC0-301F-11D3-BF4B-00C04F79EFBC}") = "vataFitness.UWP", "vataFitness\vataFitness.UWP\vataFitness.UWP.csproj", "{405059C7-6109-4529-8A3F-90D4E2A53275}"
EndProject
Project("{2150E333-8FDC-42A3-9474-1A3956D46DE8}") = "Tests", "Tests", "{23737F28-647E-467F-9992-9F2284FA7EF7}"
EndProject
Project("{FAE04EC0-301F-11D3-BF4B-00C04F79EFBC}") = "tdd.vataFitness.Tests", "tdd.vataFitness.Tests\tdd.vataFitness.Tests.csproj", "{B687E963-0A09-4EFB-8A5B-22C1D5BE8CA2}"
EndProject
Global
	GlobalSection(SharedMSBuildProjectFiles) = preSolution
		vataFitness\vataFitness\vataFitness.projitems*{405059c7-6109-4529-8a3f-90d4e2a53275}*SharedItemsImports = 4
		vataFitness\vataFitness\vataFitness.projitems*{c08546f1-0a99-4162-b042-57ff0e601153}*SharedItemsImports = 13
	EndGlobalSection
	GlobalSection(SolutionConfigurationPlatforms) = preSolution
		Debug|Any CPU = Debug|Any CPU
		Debug|ARM = Debug|ARM
		Debug|iPhone = Debug|iPhone
		Debug|iPhoneSimulator = Debug|iPhoneSimulator
		Debug|x64 = Debug|x64
		Debug|x86 = Debug|x86
		Release|Any CPU = Release|Any CPU
		Release|ARM = Release|ARM
		Release|iPhone = Release|iPhone
		Release|iPhoneSimulator = Release|iPhoneSimulator
		Release|x64 = Release|x64
		Release|x86 = Release|x86
	EndGlobalSection
	GlobalSection(ProjectConfigurationPlatforms) = postSolution
		{405059C7-6109-4529-8A3F-90D4E2A53275}.Debug|Any CPU.ActiveCfg = Debug|ARM
		{405059C7-6109-4529-8A3F-90D4E2A53275}.Debug|Any CPU.Build.0 = Debug|ARM
		{405059C7-6109-4529-8A3F-90D4E2A53275}.Debug|Any CPU.Deploy.0 = Debug|ARM
		{405059C7-6109-4529-8A3F-90D4E2A53275}.Debug|ARM.ActiveCfg = Debug|ARM
		{405059C7-6109-4529-8A3F-90D4E2A53275}.Debug|ARM.Build.0 = Debug|ARM
		{405059C7-6109-4529-8A3F-90D4E2A53275}.Debug|ARM.Deploy.0 = Debug|ARM
		{405059C7-6109-4529-8A3F-90D4E2A53275}.Debug|iPhone.ActiveCfg = Debug|x86
		{405059C7-6109-4529-8A3F-90D4E2A53275}.Debug|iPhoneSimulator.ActiveCfg = Debug|x86
		{405059C7-6109-4529-8A3F-90D4E2A53275}.Debug|x64.ActiveCfg = Debug|x64
		{405059C7-6109-4529-8A3F-90D4E2A53275}.Debug|x64.Build.0 = Debug|x64
		{405059C7-6109-4529-8A3F-90D4E2A53275}.Debug|x64.Deploy.0 = Debug|x64
		{405059C7-6109-4529-8A3F-90D4E2A53275}.Debug|x86.ActiveCfg = Debug|x86
		{405059C7-6109-4529-8A3F-90D4E2A53275}.Debug|x86.Build.0 = Debug|x86
		{405059C7-6109-4529-8A3F-90D4E2A53275}.Debug|x86.Deploy.0 = Debug|x86
		{405059C7-6109-4529-8A3F-90D4E2A53275}.Release|Any CPU.ActiveCfg = Release|x86
		{405059C7-6109-4529-8A3F-90D4E2A53275}.Release|ARM.ActiveCfg = Release|ARM
		{405059C7-6109-4529-8A3F-90D4E2A53275}.Release|ARM.Build.0 = Release|ARM
		{405059C7-6109-4529-8A3F-90D4E2A53275}.Release|ARM.Deploy.0 = Release|ARM
		{405059C7-6109-4529-8A3F-90D4E2A53275}.Release|iPhone.ActiveCfg = Release|x86
		{405059C7-6109-4529-8A3F-90D4E2A53275}.Release|iPhoneSimulator.ActiveCfg = Release|x86
		{405059C7-6109-4529-8A3F-90D4E2A53275}.Release|x64.ActiveCfg = Release|x64
		{405059C7-6109-4529-8A3F-90D4E2A53275}.Release|x64.Build.0 = Release|x64
		{405059C7-6109-4529-8A3F-90D4E2A53275}.Release|x64.Deploy.0 = Release|x64
		{405059C7-6109-4529-8A3F-90D4E2A53275}.Release|x86.ActiveCfg = Release|x86
		{405059C7-6109-4529-8A3F-90D4E2A53275}.Release|x86.Build.0 = Release|x86
		{405059C7-6109-4529-8A3F-90D4E2A53275}.Release|x86.Deploy.0 = Release|x86
		{B687E963-0A09-4EFB-8A5B-22C1D5BE8CA2}.Debug|Any CPU.ActiveCfg = Debug|x86
		{B687E963-0A09-4EFB-8A5B-22C1D5BE8CA2}.Debug|Any CPU.Build.0 = Debug|x86
		{B687E963-0A09-4EFB-8A5B-22C1D5BE8CA2}.Debug|ARM.ActiveCfg = Debug|ARM
		{B687E963-0A09-4EFB-8A5B-22C1D5BE8CA2}.Debug|ARM.Build.0 = Debug|ARM
		{B687E963-0A09-4EFB-8A5B-22C1D5BE8CA2}.Debug|ARM.Deploy.0 = Debug|ARM
		{B687E963-0A09-4EFB-8A5B-22C1D5BE8CA2}.Debug|iPhone.ActiveCfg = Debug|x86
		{B687E963-0A09-4EFB-8A5B-22C1D5BE8CA2}.Debug|iPhoneSimulator.ActiveCfg = Debug|x86
		{B687E963-0A09-4EFB-8A5B-22C1D5BE8CA2}.Debug|x64.ActiveCfg = Debug|x64
		{B687E963-0A09-4EFB-8A5B-22C1D5BE8CA2}.Debug|x64.Build.0 = Debug|x64
		{B687E963-0A09-4EFB-8A5B-22C1D5BE8CA2}.Debug|x64.Deploy.0 = Debug|x64
		{B687E963-0A09-4EFB-8A5B-22C1D5BE8CA2}.Debug|x86.ActiveCfg = Debug|x86
		{B687E963-0A09-4EFB-8A5B-22C1D5BE8CA2}.Debug|x86.Build.0 = Debug|x86
		{B687E963-0A09-4EFB-8A5B-22C1D5BE8CA2}.Release|Any CPU.ActiveCfg = Release|x86
		{B687E963-0A09-4EFB-8A5B-22C1D5BE8CA2}.Release|ARM.ActiveCfg = Release|ARM
		{B687E963-0A09-4EFB-8A5B-22C1D5BE8CA2}.Release|ARM.Build.0 = Release|ARM
		{B687E963-0A09-4EFB-8A5B-22C1D5BE8CA2}.Release|ARM.Deploy.0 = Release|ARM
		{B687E963-0A09-4EFB-8A5B-22C1D5BE8CA2}.Release|iPhone.ActiveCfg = Release|x86
		{B687E963-0A09-4EFB-8A5B-22C1D5BE8CA2}.Release|iPhoneSimulator.ActiveCfg = Release|x86
		{B687E963-0A09-4EFB-8A5B-22C1D5BE8CA2}.Release|x64.ActiveCfg = Release|x64
		{B687E963-0A09-4EFB-8A5B-22C1D5BE8CA2}.Release|x64.Build.0 = Release|x64
		{B687E963-0A09-4EFB-8A5B-22C1D5BE8CA2}.Release|x64.Deploy.0 = Release|x64
		{B687E963-0A09-4EFB-8A5B-22C1D5BE8CA2}.Release|x86.ActiveCfg = Release|x86
		{B687E963-0A09-4EFB-8A5B-22C1D5BE8CA2}.Release|x86.Build.0 = Release|x86
		{B687E963-0A09-4EFB-8A5B-22C1D5BE8CA2}.Release|x86.Deploy.0 = Release|x86
	EndGlobalSection
	GlobalSection(SolutionProperties) = preSolution
		HideSolutionNode = FALSE
	EndGlobalSection
	GlobalSection(NestedProjects) = preSolution
		{B687E963-0A09-4EFB-8A5B-22C1D5BE8CA2} = {23737F28-647E-467F-9992-9F2284FA7EF7}
	EndGlobalSection
EndGlobal
