
Microsoft Visual Studio Solution File, Format Version 12.00
# Visual Studio 14
VisualStudioVersion = 14.0.25420.1
MinimumVisualStudioVersion = 10.0.40219.1
Project("{D954291E-2A0B-460D-934E-DC6B0785DB48}") = "vataFitness", "vataFitness\vataFitness\vataFitness.shproj", "{C08546F1-0A99-4162-B042-57FF0E601153}"
EndProject
Project("{FAE04EC0-301F-11D3-BF4B-00C04F79EFBC}") = "vataFitness.Android", "vataFitness\vataFitness.Android\vataFitness.Android.csproj", "{8AB3C91D-AB85-461A-93F1-092CBA9197D6}"
EndProject
Project("{FAE04EC0-301F-11D3-BF4B-00C04F79EFBC}") = "vataFitness.iOS", "vataFitness\vataFitness.iOS\vataFitness.iOS.csproj", "{07B28FDA-32A8-4620-8F17-D5A2F6E60ADF}"
EndProject
Project("{FAE04EC0-301F-11D3-BF4B-00C04F79EFBC}") = "vataFitness.UWP", "vataFitness\vataFitness.UWP\vataFitness.UWP.csproj", "{405059C7-6109-4529-8A3F-90D4E2A53275}"
EndProject
Project("{FAE04EC0-301F-11D3-BF4B-00C04F79EFBC}") = "vataFitness.UITest", "vataFitness.UITest\vataFitness.UITest.csproj", "{33185883-B0F7-4DBF-98A2-85BDD611DFE3}"
EndProject
Project("{2150E333-8FDC-42A3-9474-1A3956D46DE8}") = "Tests", "Tests", "{23737F28-647E-467F-9992-9F2284FA7EF7}"
EndProject
Project("{FAE04EC0-301F-11D3-BF4B-00C04F79EFBC}") = "vataFitness.UnitTest", "vataFitness.UnitTest\vataFitness.UnitTest.csproj", "{7905DBCD-D49C-44FB-A1B1-2EA12B6154AF}"
EndProject
Global
	GlobalSection(SharedMSBuildProjectFiles) = preSolution
		vataFitness\vataFitness\vataFitness.projitems*{07b28fda-32a8-4620-8f17-d5a2f6e60adf}*SharedItemsImports = 4
		vataFitness\vataFitness\vataFitness.projitems*{405059c7-6109-4529-8a3f-90d4e2a53275}*SharedItemsImports = 4
		vataFitness\vataFitness\vataFitness.projitems*{8ab3c91d-ab85-461a-93f1-092cba9197d6}*SharedItemsImports = 4
		vataFitness\vataFitness\vataFitness.projitems*{c08546f1-0a99-4162-b042-57ff0e601153}*SharedItemsImports = 13
	EndGlobalSection
	GlobalSection(SolutionConfigurationPlatforms) = preSolution
		Debug|Any CPU = Debug|Any CPU
		Debug|ARM = Debug|ARM
		Debug|iPhone = Debug|iPhone
		Debug|iPhoneSimulator = Debug|iPhoneSimulator
		Debug|x64 = Debug|x64
		Debug|x86 = Debug|x86
		Release|Any CPU = Release|Any CPU
		Release|ARM = Release|ARM
		Release|iPhone = Release|iPhone
		Release|iPhoneSimulator = Release|iPhoneSimulator
		Release|x64 = Release|x64
		Release|x86 = Release|x86
	EndGlobalSection
	GlobalSection(ProjectConfigurationPlatforms) = postSolution
		{8AB3C91D-AB85-461A-93F1-092CBA9197D6}.Debug|Any CPU.ActiveCfg = Debug|Any CPU
		{8AB3C91D-AB85-461A-93F1-092CBA9197D6}.Debug|Any CPU.Build.0 = Debug|Any CPU
		{8AB3C91D-AB85-461A-93F1-092CBA9197D6}.Debug|Any CPU.Deploy.0 = Debug|Any CPU
		{8AB3C91D-AB85-461A-93F1-092CBA9197D6}.Debug|ARM.ActiveCfg = Debug|Any CPU
		{8AB3C91D-AB85-461A-93F1-092CBA9197D6}.Debug|ARM.Build.0 = Debug|Any CPU
		{8AB3C91D-AB85-461A-93F1-092CBA9197D6}.Debug|ARM.Deploy.0 = Debug|Any CPU
		{8AB3C91D-AB85-461A-93F1-092CBA9197D6}.Debug|iPhone.ActiveCfg = Debug|Any CPU
		{8AB3C91D-AB85-461A-93F1-092CBA9197D6}.Debug|iPhone.Build.0 = Debug|Any CPU
		{8AB3C91D-AB85-461A-93F1-092CBA9197D6}.Debug|iPhone.Deploy.0 = Debug|Any CPU
		{8AB3C91D-AB85-461A-93F1-092CBA9197D6}.Debug|iPhoneSimulator.ActiveCfg = Debug|Any CPU
		{8AB3C91D-AB85-461A-93F1-092CBA9197D6}.Debug|iPhoneSimulator.Build.0 = Debug|Any CPU
		{8AB3C91D-AB85-461A-93F1-092CBA9197D6}.Debug|iPhoneSimulator.Deploy.0 = Debug|Any CPU
		{8AB3C91D-AB85-461A-93F1-092CBA9197D6}.Debug|x64.ActiveCfg = Debug|Any CPU
		{8AB3C91D-AB85-461A-93F1-092CBA9197D6}.Debug|x64.Build.0 = Debug|Any CPU
		{8AB3C91D-AB85-461A-93F1-092CBA9197D6}.Debug|x64.Deploy.0 = Debug|Any CPU
		{8AB3C91D-AB85-461A-93F1-092CBA9197D6}.Debug|x86.ActiveCfg = Debug|Any CPU
		{8AB3C91D-AB85-461A-93F1-092CBA9197D6}.Debug|x86.Build.0 = Debug|Any CPU
		{8AB3C91D-AB85-461A-93F1-092CBA9197D6}.Debug|x86.Deploy.0 = Debug|Any CPU
		{8AB3C91D-AB85-461A-93F1-092CBA9197D6}.Release|Any CPU.ActiveCfg = Release|Any CPU
		{8AB3C91D-AB85-461A-93F1-092CBA9197D6}.Release|Any CPU.Build.0 = Release|Any CPU
		{8AB3C91D-AB85-461A-93F1-092CBA9197D6}.Release|Any CPU.Deploy.0 = Release|Any CPU
		{8AB3C91D-AB85-461A-93F1-092CBA9197D6}.Release|ARM.ActiveCfg = Release|Any CPU
		{8AB3C91D-AB85-461A-93F1-092CBA9197D6}.Release|ARM.Build.0 = Release|Any CPU
		{8AB3C91D-AB85-461A-93F1-092CBA9197D6}.Release|ARM.Deploy.0 = Release|Any CPU
		{8AB3C91D-AB85-461A-93F1-092CBA9197D6}.Release|iPhone.ActiveCfg = Release|Any CPU
		{8AB3C91D-AB85-461A-93F1-092CBA9197D6}.Release|iPhone.Build.0 = Release|Any CPU
		{8AB3C91D-AB85-461A-93F1-092CBA9197D6}.Release|iPhone.Deploy.0 = Release|Any CPU
		{8AB3C91D-AB85-461A-93F1-092CBA9197D6}.Release|iPhoneSimulator.ActiveCfg = Release|Any CPU
		{8AB3C91D-AB85-461A-93F1-092CBA9197D6}.Release|iPhoneSimulator.Build.0 = Release|Any CPU
		{8AB3C91D-AB85-461A-93F1-092CBA9197D6}.Release|iPhoneSimulator.Deploy.0 = Release|Any CPU
		{8AB3C91D-AB85-461A-93F1-092CBA9197D6}.Release|x64.ActiveCfg = Release|Any CPU
		{8AB3C91D-AB85-461A-93F1-092CBA9197D6}.Release|x64.Build.0 = Release|Any CPU
		{8AB3C91D-AB85-461A-93F1-092CBA9197D6}.Release|x64.Deploy.0 = Release|Any CPU
		{8AB3C91D-AB85-461A-93F1-092CBA9197D6}.Release|x86.ActiveCfg = Release|Any CPU
		{8AB3C91D-AB85-461A-93F1-092CBA9197D6}.Release|x86.Build.0 = Release|Any CPU
		{8AB3C91D-AB85-461A-93F1-092CBA9197D6}.Release|x86.Deploy.0 = Release|Any CPU
		{07B28FDA-32A8-4620-8F17-D5A2F6E60ADF}.Debug|Any CPU.ActiveCfg = Debug|iPhone
		{07B28FDA-32A8-4620-8F17-D5A2F6E60ADF}.Debug|ARM.ActiveCfg = Debug|iPhone
		{07B28FDA-32A8-4620-8F17-D5A2F6E60ADF}.Debug|iPhone.ActiveCfg = Debug|iPhone
		{07B28FDA-32A8-4620-8F17-D5A2F6E60ADF}.Debug|iPhone.Build.0 = Debug|iPhone
		{07B28FDA-32A8-4620-8F17-D5A2F6E60ADF}.Debug|iPhoneSimulator.ActiveCfg = Debug|iPhoneSimulator
		{07B28FDA-32A8-4620-8F17-D5A2F6E60ADF}.Debug|iPhoneSimulator.Build.0 = Debug|iPhoneSimulator
		{07B28FDA-32A8-4620-8F17-D5A2F6E60ADF}.Debug|x64.ActiveCfg = Debug|iPhone
		{07B28FDA-32A8-4620-8F17-D5A2F6E60ADF}.Debug|x86.ActiveCfg = Debug|iPhone
		{07B28FDA-32A8-4620-8F17-D5A2F6E60ADF}.Release|Any CPU.ActiveCfg = Release|iPhone
		{07B28FDA-32A8-4620-8F17-D5A2F6E60ADF}.Release|ARM.ActiveCfg = Release|iPhone
		{07B28FDA-32A8-4620-8F17-D5A2F6E60ADF}.Release|iPhone.ActiveCfg = Release|iPhone
		{07B28FDA-32A8-4620-8F17-D5A2F6E60ADF}.Release|iPhone.Build.0 = Release|iPhone
		{07B28FDA-32A8-4620-8F17-D5A2F6E60ADF}.Release|iPhoneSimulator.ActiveCfg = Release|iPhoneSimulator
		{07B28FDA-32A8-4620-8F17-D5A2F6E60ADF}.Release|iPhoneSimulator.Build.0 = Release|iPhoneSimulator
		{07B28FDA-32A8-4620-8F17-D5A2F6E60ADF}.Release|x64.ActiveCfg = Release|iPhone
		{07B28FDA-32A8-4620-8F17-D5A2F6E60ADF}.Release|x86.ActiveCfg = Release|iPhone
		{405059C7-6109-4529-8A3F-90D4E2A53275}.Debug|Any CPU.ActiveCfg = Debug|x86
		{405059C7-6109-4529-8A3F-90D4E2A53275}.Debug|ARM.ActiveCfg = Debug|ARM
		{405059C7-6109-4529-8A3F-90D4E2A53275}.Debug|ARM.Build.0 = Debug|ARM
		{405059C7-6109-4529-8A3F-90D4E2A53275}.Debug|ARM.Deploy.0 = Debug|ARM
		{405059C7-6109-4529-8A3F-90D4E2A53275}.Debug|iPhone.ActiveCfg = Debug|x86
		{405059C7-6109-4529-8A3F-90D4E2A53275}.Debug|iPhoneSimulator.ActiveCfg = Debug|x86
		{405059C7-6109-4529-8A3F-90D4E2A53275}.Debug|x64.ActiveCfg = Debug|x64
		{405059C7-6109-4529-8A3F-90D4E2A53275}.Debug|x64.Build.0 = Debug|x64
		{405059C7-6109-4529-8A3F-90D4E2A53275}.Debug|x64.Deploy.0 = Debug|x64
		{405059C7-6109-4529-8A3F-90D4E2A53275}.Debug|x86.ActiveCfg = Debug|x86
		{405059C7-6109-4529-8A3F-90D4E2A53275}.Debug|x86.Build.0 = Debug|x86
		{405059C7-6109-4529-8A3F-90D4E2A53275}.Debug|x86.Deploy.0 = Debug|x86
		{405059C7-6109-4529-8A3F-90D4E2A53275}.Release|Any CPU.ActiveCfg = Release|x86
		{405059C7-6109-4529-8A3F-90D4E2A53275}.Release|ARM.ActiveCfg = Release|ARM
		{405059C7-6109-4529-8A3F-90D4E2A53275}.Release|ARM.Build.0 = Release|ARM
		{405059C7-6109-4529-8A3F-90D4E2A53275}.Release|ARM.Deploy.0 = Release|ARM
		{405059C7-6109-4529-8A3F-90D4E2A53275}.Release|iPhone.ActiveCfg = Release|x86
		{405059C7-6109-4529-8A3F-90D4E2A53275}.Release|iPhoneSimulator.ActiveCfg = Release|x86
		{405059C7-6109-4529-8A3F-90D4E2A53275}.Release|x64.ActiveCfg = Release|x64
		{405059C7-6109-4529-8A3F-90D4E2A53275}.Release|x64.Build.0 = Release|x64
		{405059C7-6109-4529-8A3F-90D4E2A53275}.Release|x64.Deploy.0 = Release|x64
		{405059C7-6109-4529-8A3F-90D4E2A53275}.Release|x86.ActiveCfg = Release|x86
		{405059C7-6109-4529-8A3F-90D4E2A53275}.Release|x86.Build.0 = Release|x86
		{405059C7-6109-4529-8A3F-90D4E2A53275}.Release|x86.Deploy.0 = Release|x86
		{33185883-B0F7-4DBF-98A2-85BDD611DFE3}.Debug|Any CPU.ActiveCfg = Debug|Any CPU
		{33185883-B0F7-4DBF-98A2-85BDD611DFE3}.Debug|Any CPU.Build.0 = Debug|Any CPU
		{33185883-B0F7-4DBF-98A2-85BDD611DFE3}.Debug|ARM.ActiveCfg = Debug|Any CPU
		{33185883-B0F7-4DBF-98A2-85BDD611DFE3}.Debug|ARM.Build.0 = Debug|Any CPU
		{33185883-B0F7-4DBF-98A2-85BDD611DFE3}.Debug|iPhone.ActiveCfg = Debug|Any CPU
		{33185883-B0F7-4DBF-98A2-85BDD611DFE3}.Debug|iPhone.Build.0 = Debug|Any CPU
		{33185883-B0F7-4DBF-98A2-85BDD611DFE3}.Debug|iPhoneSimulator.ActiveCfg = Debug|Any CPU
		{33185883-B0F7-4DBF-98A2-85BDD611DFE3}.Debug|iPhoneSimulator.Build.0 = Debug|Any CPU
		{33185883-B0F7-4DBF-98A2-85BDD611DFE3}.Debug|x64.ActiveCfg = Debug|Any CPU
		{33185883-B0F7-4DBF-98A2-85BDD611DFE3}.Debug|x64.Build.0 = Debug|Any CPU
		{33185883-B0F7-4DBF-98A2-85BDD611DFE3}.Debug|x86.ActiveCfg = Debug|Any CPU
		{33185883-B0F7-4DBF-98A2-85BDD611DFE3}.Debug|x86.Build.0 = Debug|Any CPU
		{33185883-B0F7-4DBF-98A2-85BDD611DFE3}.Release|Any CPU.ActiveCfg = Release|Any CPU
		{33185883-B0F7-4DBF-98A2-85BDD611DFE3}.Release|Any CPU.Build.0 = Release|Any CPU
		{33185883-B0F7-4DBF-98A2-85BDD611DFE3}.Release|ARM.ActiveCfg = Release|Any CPU
		{33185883-B0F7-4DBF-98A2-85BDD611DFE3}.Release|ARM.Build.0 = Release|Any CPU
		{33185883-B0F7-4DBF-98A2-85BDD611DFE3}.Release|iPhone.ActiveCfg = Release|Any CPU
		{33185883-B0F7-4DBF-98A2-85BDD611DFE3}.Release|iPhone.Build.0 = Release|Any CPU
		{33185883-B0F7-4DBF-98A2-85BDD611DFE3}.Release|iPhoneSimulator.ActiveCfg = Release|Any CPU
		{33185883-B0F7-4DBF-98A2-85BDD611DFE3}.Release|iPhoneSimulator.Build.0 = Release|Any CPU
		{33185883-B0F7-4DBF-98A2-85BDD611DFE3}.Release|x64.ActiveCfg = Release|Any CPU
		{33185883-B0F7-4DBF-98A2-85BDD611DFE3}.Release|x64.Build.0 = Release|Any CPU
		{33185883-B0F7-4DBF-98A2-85BDD611DFE3}.Release|x86.ActiveCfg = Release|Any CPU
		{33185883-B0F7-4DBF-98A2-85BDD611DFE3}.Release|x86.Build.0 = Release|Any CPU
		{7905DBCD-D49C-44FB-A1B1-2EA12B6154AF}.Debug|Any CPU.ActiveCfg = Debug|Any CPU
		{7905DBCD-D49C-44FB-A1B1-2EA12B6154AF}.Debug|Any CPU.Build.0 = Debug|Any CPU
		{7905DBCD-D49C-44FB-A1B1-2EA12B6154AF}.Debug|ARM.ActiveCfg = Debug|Any CPU
		{7905DBCD-D49C-44FB-A1B1-2EA12B6154AF}.Debug|ARM.Build.0 = Debug|Any CPU
		{7905DBCD-D49C-44FB-A1B1-2EA12B6154AF}.Debug|iPhone.ActiveCfg = Debug|Any CPU
		{7905DBCD-D49C-44FB-A1B1-2EA12B6154AF}.Debug|iPhone.Build.0 = Debug|Any CPU
		{7905DBCD-D49C-44FB-A1B1-2EA12B6154AF}.Debug|iPhoneSimulator.ActiveCfg = Debug|Any CPU
		{7905DBCD-D49C-44FB-A1B1-2EA12B6154AF}.Debug|iPhoneSimulator.Build.0 = Debug|Any CPU
		{7905DBCD-D49C-44FB-A1B1-2EA12B6154AF}.Debug|x64.ActiveCfg = Debug|Any CPU
		{7905DBCD-D49C-44FB-A1B1-2EA12B6154AF}.Debug|x64.Build.0 = Debug|Any CPU
		{7905DBCD-D49C-44FB-A1B1-2EA12B6154AF}.Debug|x86.ActiveCfg = Debug|Any CPU
		{7905DBCD-D49C-44FB-A1B1-2EA12B6154AF}.Debug|x86.Build.0 = Debug|Any CPU
		{7905DBCD-D49C-44FB-A1B1-2EA12B6154AF}.Release|Any CPU.ActiveCfg = Release|Any CPU
		{7905DBCD-D49C-44FB-A1B1-2EA12B6154AF}.Release|Any CPU.Build.0 = Release|Any CPU
		{7905DBCD-D49C-44FB-A1B1-2EA12B6154AF}.Release|ARM.ActiveCfg = Release|Any CPU
		{7905DBCD-D49C-44FB-A1B1-2EA12B6154AF}.Release|ARM.Build.0 = Release|Any CPU
		{7905DBCD-D49C-44FB-A1B1-2EA12B6154AF}.Release|iPhone.ActiveCfg = Release|Any CPU
		{7905DBCD-D49C-44FB-A1B1-2EA12B6154AF}.Release|iPhone.Build.0 = Release|Any CPU
		{7905DBCD-D49C-44FB-A1B1-2EA12B6154AF}.Release|iPhoneSimulator.ActiveCfg = Release|Any CPU
		{7905DBCD-D49C-44FB-A1B1-2EA12B6154AF}.Release|iPhoneSimulator.Build.0 = Release|Any CPU
		{7905DBCD-D49C-44FB-A1B1-2EA12B6154AF}.Release|x64.ActiveCfg = Release|Any CPU
		{7905DBCD-D49C-44FB-A1B1-2EA12B6154AF}.Release|x64.Build.0 = Release|Any CPU
		{7905DBCD-D49C-44FB-A1B1-2EA12B6154AF}.Release|x86.ActiveCfg = Release|Any CPU
		{7905DBCD-D49C-44FB-A1B1-2EA12B6154AF}.Release|x86.Build.0 = Release|Any CPU
	EndGlobalSection
	GlobalSection(SolutionProperties) = preSolution
		HideSolutionNode = FALSE
	EndGlobalSection
	GlobalSection(NestedProjects) = preSolution
		{33185883-B0F7-4DBF-98A2-85BDD611DFE3} = {23737F28-647E-467F-9992-9F2284FA7EF7}
		{7905DBCD-D49C-44FB-A1B1-2EA12B6154AF} = {23737F28-647E-467F-9992-9F2284FA7EF7}
	EndGlobalSection
EndGlobal
